// !$*UTF8*$!
{
	archiveVersion = 1;
	classes = {
	};
	objectVersion = 77;
	objects = {

/* Begin PBXBuildFile section */
		50F0B04A2CF3CF6600502E75 /* ComposableArchitecture in Frameworks */ = {isa = PBXBuildFile; productRef = 50F0B0492CF3CF6600502E75 /* ComposableArchitecture */; };
/* End PBXBuildFile section */

/* Begin PBXContainerItemProxy section */
		50F0B02B2CF3CC1800502E75 /* PBXContainerItemProxy */ = {
			isa = PBXContainerItemProxy;
			containerPortal = 50F0B0122CF3CC1700502E75 /* Project object */;
			proxyType = 1;
			remoteGlobalIDString = 50F0B0192CF3CC1700502E75;
			remoteInfo = NavigationComposable;
		};
		50F0B0352CF3CC1800502E75 /* PBXContainerItemProxy */ = {
			isa = PBXContainerItemProxy;
			containerPortal = 50F0B0122CF3CC1700502E75 /* Project object */;
			proxyType = 1;
			remoteGlobalIDString = 50F0B0192CF3CC1700502E75;
			remoteInfo = NavigationComposable;
		};
/* End PBXContainerItemProxy section */

/* Begin PBXFileReference section */
		50F0B01A2CF3CC1700502E75 /* NavigationComposable.app */ = {isa = PBXFileReference; explicitFileType = wrapper.application; includeInIndex = 0; path = NavigationComposable.app; sourceTree = BUILT_PRODUCTS_DIR; };
		50F0B02A2CF3CC1800502E75 /* NavigationComposableTests.xctest */ = {isa = PBXFileReference; explicitFileType = wrapper.cfbundle; includeInIndex = 0; path = NavigationComposableTests.xctest; sourceTree = BUILT_PRODUCTS_DIR; };
		50F0B0342CF3CC1800502E75 /* NavigationComposableUITests.xctest */ = {isa = PBXFileReference; explicitFileType = wrapper.cfbundle; includeInIndex = 0; path = NavigationComposableUITests.xctest; sourceTree = BUILT_PRODUCTS_DIR; };
/* End PBXFileReference section */

/* Begin PBXFileSystemSynchronizedRootGroup section */
		50F0B01C2CF3CC1700502E75 /* NavigationComposable */ = {
			isa = PBXFileSystemSynchronizedRootGroup;
			path = NavigationComposable;
			sourceTree = "<group>";
		};
		50F0B02D2CF3CC1800502E75 /* NavigationComposableTests */ = {
			isa = PBXFileSystemSynchronizedRootGroup;
			path = NavigationComposableTests;
			sourceTree = "<group>";
		};
		50F0B0372CF3CC1800502E75 /* NavigationComposableUITests */ = {
			isa = PBXFileSystemSynchronizedRootGroup;
			path = NavigationComposableUITests;
			sourceTree = "<group>";
		};
/* End PBXFileSystemSynchronizedRootGroup section */

/* Begin PBXFrameworksBuildPhase section */
		50F0B0172CF3CC1700502E75 /* Frameworks */ = {
			isa = PBXFrameworksBuildPhase;
			buildActionMask = 2147483647;
			files = (
				50F0B04A2CF3CF6600502E75 /* ComposableArchitecture in Frameworks */,
			);
			runOnlyForDeploymentPostprocessing = 0;
		};
		50F0B0272CF3CC1800502E75 /* Frameworks */ = {
			isa = PBXFrameworksBuildPhase;
			buildActionMask = 2147483647;
			files = (
			);
			runOnlyForDeploymentPostprocessing = 0;
		};
		50F0B0312CF3CC1800502E75 /* Frameworks */ = {
			isa = PBXFrameworksBuildPhase;
			buildActionMask = 2147483647;
			files = (
			);
			runOnlyForDeploymentPostprocessing = 0;
		};
/* End PBXFrameworksBuildPhase section */

/* Begin PBXGroup section */
		50F0B0112CF3CC1700502E75 = {
			isa = PBXGroup;
			children = (
				50F0B01C2CF3CC1700502E75 /* NavigationComposable */,
				50F0B02D2CF3CC1800502E75 /* NavigationComposableTests */,
				50F0B0372CF3CC1800502E75 /* NavigationComposableUITests */,
				50F0B0482CF3CF6600502E75 /* Frameworks */,
				50F0B01B2CF3CC1700502E75 /* Products */,
			);
			sourceTree = "<group>";
		};
		50F0B01B2CF3CC1700502E75 /* Products */ = {
			isa = PBXGroup;
			children = (
				50F0B01A2CF3CC1700502E75 /* NavigationComposable.app */,
				50F0B02A2CF3CC1800502E75 /* NavigationComposableTests.xctest */,
				50F0B0342CF3CC1800502E75 /* NavigationComposableUITests.xctest */,
			);
			name = Products;
			sourceTree = "<group>";
		};
		50F0B0482CF3CF6600502E75 /* Frameworks */ = {
			isa = PBXGroup;
			children = (
			);
			name = Frameworks;
			sourceTree = "<group>";
		};
/* End PBXGroup section */

/* Begin PBXNativeTarget section */
		50F0B0192CF3CC1700502E75 /* NavigationComposable */ = {
			isa = PBXNativeTarget;
			buildConfigurationList = 50F0B03E2CF3CC1800502E75 /* Build configuration list for PBXNativeTarget "NavigationComposable" */;
			buildPhases = (
				50F0B0162CF3CC1700502E75 /* Sources */,
				50F0B0172CF3CC1700502E75 /* Frameworks */,
				50F0B0182CF3CC1700502E75 /* Resources */,
			);
			buildRules = (
			);
			dependencies = (
			);
			fileSystemSynchronizedGroups = (
				50F0B01C2CF3CC1700502E75 /* NavigationComposable */,
			);
			name = NavigationComposable;
			packageProductDependencies = (
				50F0B0492CF3CF6600502E75 /* ComposableArchitecture */,
			);
			productName = NavigationComposable;
			productReference = 50F0B01A2CF3CC1700502E75 /* NavigationComposable.app */;
			productType = "com.apple.product-type.application";
		};
		50F0B0292CF3CC1800502E75 /* NavigationComposableTests */ = {
			isa = PBXNativeTarget;
			buildConfigurationList = 50F0B0412CF3CC1800502E75 /* Build configuration list for PBXNativeTarget "NavigationComposableTests" */;
			buildPhases = (
				50F0B0262CF3CC1800502E75 /* Sources */,
				50F0B0272CF3CC1800502E75 /* Frameworks */,
				50F0B0282CF3CC1800502E75 /* Resources */,
			);
			buildRules = (
			);
			dependencies = (
				50F0B02C2CF3CC1800502E75 /* PBXTargetDependency */,
			);
			fileSystemSynchronizedGroups = (
				50F0B02D2CF3CC1800502E75 /* NavigationComposableTests */,
			);
			name = NavigationComposableTests;
			packageProductDependencies = (
			);
			productName = NavigationComposableTests;
			productReference = 50F0B02A2CF3CC1800502E75 /* NavigationComposableTests.xctest */;
			productType = "com.apple.product-type.bundle.unit-test";
		};
		50F0B0332CF3CC1800502E75 /* NavigationComposableUITests */ = {
			isa = PBXNativeTarget;
			buildConfigurationList = 50F0B0442CF3CC1800502E75 /* Build configuration list for PBXNativeTarget "NavigationComposableUITests" */;
			buildPhases = (
				50F0B0302CF3CC1800502E75 /* Sources */,
				50F0B0312CF3CC1800502E75 /* Frameworks */,
				50F0B0322CF3CC1800502E75 /* Resources */,
			);
			buildRules = (
			);
			dependencies = (
				50F0B0362CF3CC1800502E75 /* PBXTargetDependency */,
			);
			fileSystemSynchronizedGroups = (
				50F0B0372CF3CC1800502E75 /* NavigationComposableUITests */,
			);
			name = NavigationComposableUITests;
			packageProductDependencies = (
			);
			productName = NavigationComposableUITests;
			productReference = 50F0B0342CF3CC1800502E75 /* NavigationComposableUITests.xctest */;
			productType = "com.apple.product-type.bundle.ui-testing";
		};
/* End PBXNativeTarget section */

/* Begin PBXProject section */
		50F0B0122CF3CC1700502E75 /* Project object */ = {
			isa = PBXProject;
			attributes = {
				BuildIndependentTargetsInParallel = 1;
				LastSwiftUpdateCheck = 1610;
				LastUpgradeCheck = 1610;
				TargetAttributes = {
					50F0B0192CF3CC1700502E75 = {
						CreatedOnToolsVersion = 16.1;
					};
					50F0B0292CF3CC1800502E75 = {
						CreatedOnToolsVersion = 16.1;
						TestTargetID = 50F0B0192CF3CC1700502E75;
					};
					50F0B0332CF3CC1800502E75 = {
						CreatedOnToolsVersion = 16.1;
						TestTargetID = 50F0B0192CF3CC1700502E75;
					};
				};
			};
			buildConfigurationList = 50F0B0152CF3CC1700502E75 /* Build configuration list for PBXProject "NavigationComposable" */;
			developmentRegion = en;
			hasScannedForEncodings = 0;
			knownRegions = (
				en,
				Base,
			);
			mainGroup = 50F0B0112CF3CC1700502E75;
			minimizedProjectReferenceProxies = 1;
			packageReferences = (
				50F0B0472CF3CF5800502E75 /* XCRemoteSwiftPackageReference "swift-composable-architecture" */,
			);
			preferredProjectObjectVersion = 77;
			productRefGroup = 50F0B01B2CF3CC1700502E75 /* Products */;
			projectDirPath = "";
			projectRoot = "";
			targets = (
				50F0B0192CF3CC1700502E75 /* NavigationComposable */,
				50F0B0292CF3CC1800502E75 /* NavigationComposableTests */,
				50F0B0332CF3CC1800502E75 /* NavigationComposableUITests */,
			);
		};
/* End PBXProject section */

/* Begin PBXResourcesBuildPhase section */
		50F0B0182CF3CC1700502E75 /* Resources */ = {
			isa = PBXResourcesBuildPhase;
			buildActionMask = 2147483647;
			files = (
			);
			runOnlyForDeploymentPostprocessing = 0;
		};
		50F0B0282CF3CC1800502E75 /* Resources */ = {
			isa = PBXResourcesBuildPhase;
			buildActionMask = 2147483647;
			files = (
			);
			runOnlyForDeploymentPostprocessing = 0;
		};
		50F0B0322CF3CC1800502E75 /* Resources */ = {
			isa = PBXResourcesBuildPhase;
			buildActionMask = 2147483647;
			files = (
			);
			runOnlyForDeploymentPostprocessing = 0;
		};
/* End PBXResourcesBuildPhase section */

/* Begin PBXSourcesBuildPhase section */
		50F0B0162CF3CC1700502E75 /* Sources */ = {
			isa = PBXSourcesBuildPhase;
			buildActionMask = 2147483647;
			files = (
			);
			runOnlyForDeploymentPostprocessing = 0;
		};
		50F0B0262CF3CC1800502E75 /* Sources */ = {
			isa = PBXSourcesBuildPhase;
			buildActionMask = 2147483647;
			files = (
			);
			runOnlyForDeploymentPostprocessing = 0;
		};
		50F0B0302CF3CC1800502E75 /* Sources */ = {
			isa = PBXSourcesBuildPhase;
			buildActionMask = 2147483647;
			files = (
			);
			runOnlyForDeploymentPostprocessing = 0;
		};
/* End PBXSourcesBuildPhase section */

/* Begin PBXTargetDependency section */
		50F0B02C2CF3CC1800502E75 /* PBXTargetDependency */ = {
			isa = PBXTargetDependency;
			target = 50F0B0192CF3CC1700502E75 /* NavigationComposable */;
			targetProxy = 50F0B02B2CF3CC1800502E75 /* PBXContainerItemProxy */;
		};
		50F0B0362CF3CC1800502E75 /* PBXTargetDependency */ = {
			isa = PBXTargetDependency;
			target = 50F0B0192CF3CC1700502E75 /* NavigationComposable */;
			targetProxy = 50F0B0352CF3CC1800502E75 /* PBXContainerItemProxy */;
		};
/* End PBXTargetDependency section */

/* Begin XCBuildConfiguration section */
		50F0B03C2CF3CC1800502E75 /* Debug */ = {
			isa = XCBuildConfiguration;
			buildSettings = {
				ALWAYS_SEARCH_USER_PATHS = NO;
				ASSETCATALOG_COMPILER_GENERATE_SWIFT_ASSET_SYMBOL_EXTENSIONS = YES;
				CLANG_ANALYZER_NONNULL = YES;
				CLANG_ANALYZER_NUMBER_OBJECT_CONVERSION = YES_AGGRESSIVE;
				CLANG_CXX_LANGUAGE_STANDARD = "gnu++20";
				CLANG_ENABLE_MODULES = YES;
				CLANG_ENABLE_OBJC_ARC = YES;
				CLANG_ENABLE_OBJC_WEAK = YES;
				CLANG_WARN_BLOCK_CAPTURE_AUTORELEASING = YES;
				CLANG_WARN_BOOL_CONVERSION = YES;
				CLANG_WARN_COMMA = YES;
				CLANG_WARN_CONSTANT_CONVERSION = YES;
				CLANG_WARN_DEPRECATED_OBJC_IMPLEMENTATIONS = YES;
				CLANG_WARN_DIRECT_OBJC_ISA_USAGE = YES_ERROR;
				CLANG_WARN_DOCUMENTATION_COMMENTS = YES;
				CLANG_WARN_EMPTY_BODY = YES;
				CLANG_WARN_ENUM_CONVERSION = YES;
				CLANG_WARN_INFINITE_RECURSION = YES;
				CLANG_WARN_INT_CONVERSION = YES;
				CLANG_WARN_NON_LITERAL_NULL_CONVERSION = YES;
				CLANG_WARN_OBJC_IMPLICIT_RETAIN_SELF = YES;
				CLANG_WARN_OBJC_LITERAL_CONVERSION = YES;
				CLANG_WARN_OBJC_ROOT_CLASS = YES_ERROR;
				CLANG_WARN_QUOTED_INCLUDE_IN_FRAMEWORK_HEADER = YES;
				CLANG_WARN_RANGE_LOOP_ANALYSIS = YES;
				CLANG_WARN_STRICT_PROTOTYPES = YES;
				CLANG_WARN_SUSPICIOUS_MOVE = YES;
				CLANG_WARN_UNGUARDED_AVAILABILITY = YES_AGGRESSIVE;
				CLANG_WARN_UNREACHABLE_CODE = YES;
				CLANG_WARN__DUPLICATE_METHOD_MATCH = YES;
				COPY_PHASE_STRIP = NO;
				DEBUG_INFORMATION_FORMAT = dwarf;
				ENABLE_STRICT_OBJC_MSGSEND = YES;
				ENABLE_TESTABILITY = YES;
				ENABLE_USER_SCRIPT_SANDBOXING = YES;
				GCC_C_LANGUAGE_STANDARD = gnu17;
				GCC_DYNAMIC_NO_PIC = NO;
				GCC_NO_COMMON_BLOCKS = YES;
				GCC_OPTIMIZATION_LEVEL = 0;
				GCC_PREPROCESSOR_DEFINITIONS = (
					"DEBUG=1",
					"$(inherited)",
				);
				GCC_WARN_64_TO_32_BIT_CONVERSION = YES;
				GCC_WARN_ABOUT_RETURN_TYPE = YES_ERROR;
				GCC_WARN_UNDECLARED_SELECTOR = YES;
				GCC_WARN_UNINITIALIZED_AUTOS = YES_AGGRESSIVE;
				GCC_WARN_UNUSED_FUNCTION = YES;
				GCC_WARN_UNUSED_VARIABLE = YES;
				IPHONEOS_DEPLOYMENT_TARGET = 18.1;
				LOCALIZATION_PREFERS_STRING_CATALOGS = YES;
				MTL_ENABLE_DEBUG_INFO = INCLUDE_SOURCE;
				MTL_FAST_MATH = YES;
				ONLY_ACTIVE_ARCH = YES;
				SDKROOT = iphoneos;
				SWIFT_ACTIVE_COMPILATION_CONDITIONS = "DEBUG $(inherited)";
				SWIFT_OPTIMIZATION_LEVEL = "-Onone";
			};
			name = Debug;
		};
		50F0B03D2CF3CC1800502E75 /* Release */ = {
			isa = XCBuildConfiguration;
			buildSettings = {
				ALWAYS_SEARCH_USER_PATHS = NO;
				ASSETCATALOG_COMPILER_GENERATE_SWIFT_ASSET_SYMBOL_EXTENSIONS = YES;
				CLANG_ANALYZER_NONNULL = YES;
				CLANG_ANALYZER_NUMBER_OBJECT_CONVERSION = YES_AGGRESSIVE;
				CLANG_CXX_LANGUAGE_STANDARD = "gnu++20";
				CLANG_ENABLE_MODULES = YES;
				CLANG_ENABLE_OBJC_ARC = YES;
				CLANG_ENABLE_OBJC_WEAK = YES;
				CLANG_WARN_BLOCK_CAPTURE_AUTORELEASING = YES;
				CLANG_WARN_BOOL_CONVERSION = YES;
				CLANG_WARN_COMMA = YES;
				CLANG_WARN_CONSTANT_CONVERSION = YES;
				CLANG_WARN_DEPRECATED_OBJC_IMPLEMENTATIONS = YES;
				CLANG_WARN_DIRECT_OBJC_ISA_USAGE = YES_ERROR;
				CLANG_WARN_DOCUMENTATION_COMMENTS = YES;
				CLANG_WARN_EMPTY_BODY = YES;
				CLANG_WARN_ENUM_CONVERSION = YES;
				CLANG_WARN_INFINITE_RECURSION = YES;
				CLANG_WARN_INT_CONVERSION = YES;
				CLANG_WARN_NON_LITERAL_NULL_CONVERSION = YES;
				CLANG_WARN_OBJC_IMPLICIT_RETAIN_SELF = YES;
				CLANG_WARN_OBJC_LITERAL_CONVERSION = YES;
				CLANG_WARN_OBJC_ROOT_CLASS = YES_ERROR;
				CLANG_WARN_QUOTED_INCLUDE_IN_FRAMEWORK_HEADER = YES;
				CLANG_WARN_RANGE_LOOP_ANALYSIS = YES;
				CLANG_WARN_STRICT_PROTOTYPES = YES;
				CLANG_WARN_SUSPICIOUS_MOVE = YES;
				CLANG_WARN_UNGUARDED_AVAILABILITY = YES_AGGRESSIVE;
				CLANG_WARN_UNREACHABLE_CODE = YES;
				CLANG_WARN__DUPLICATE_METHOD_MATCH = YES;
				COPY_PHASE_STRIP = NO;
				DEBUG_INFORMATION_FORMAT = "dwarf-with-dsym";
				ENABLE_NS_ASSERTIONS = NO;
				ENABLE_STRICT_OBJC_MSGSEND = YES;
				ENABLE_USER_SCRIPT_SANDBOXING = YES;
				GCC_C_LANGUAGE_STANDARD = gnu17;
				GCC_NO_COMMON_BLOCKS = YES;
				GCC_WARN_64_TO_32_BIT_CONVERSION = YES;
				GCC_WARN_ABOUT_RETURN_TYPE = YES_ERROR;
				GCC_WARN_UNDECLARED_SELECTOR = YES;
				GCC_WARN_UNINITIALIZED_AUTOS = YES_AGGRESSIVE;
				GCC_WARN_UNUSED_FUNCTION = YES;
				GCC_WARN_UNUSED_VARIABLE = YES;
				IPHONEOS_DEPLOYMENT_TARGET = 18.1;
				LOCALIZATION_PREFERS_STRING_CATALOGS = YES;
				MTL_ENABLE_DEBUG_INFO = NO;
				MTL_FAST_MATH = YES;
				SDKROOT = iphoneos;
				SWIFT_COMPILATION_MODE = wholemodule;
				VALIDATE_PRODUCT = YES;
			};
			name = Release;
		};
		50F0B03F2CF3CC1800502E75 /* Debug */ = {
			isa = XCBuildConfiguration;
			buildSettings = {
				ASSETCATALOG_COMPILER_APPICON_NAME = AppIcon;
				ASSETCATALOG_COMPILER_GLOBAL_ACCENT_COLOR_NAME = AccentColor;
				CODE_SIGN_STYLE = Automatic;
				CURRENT_PROJECT_VERSION = 1;
				DEVELOPMENT_ASSET_PATHS = "\"NavigationComposable/Preview Content\"";
				DEVELOPMENT_TEAM = 5ATN337F8Z;
				ENABLE_PREVIEWS = YES;
				GENERATE_INFOPLIST_FILE = YES;
				INFOPLIST_KEY_UIApplicationSceneManifest_Generation = YES;
				INFOPLIST_KEY_UIApplicationSupportsIndirectInputEvents = YES;
				INFOPLIST_KEY_UILaunchScreen_Generation = YES;
				INFOPLIST_KEY_UISupportedInterfaceOrientations_iPad = "UIInterfaceOrientationPortrait UIInterfaceOrientationPortraitUpsideDown UIInterfaceOrientationLandscapeLeft UIInterfaceOrientationLandscapeRight";
				INFOPLIST_KEY_UISupportedInterfaceOrientations_iPhone = "UIInterfaceOrientationPortrait UIInterfaceOrientationLandscapeLeft UIInterfaceOrientationLandscapeRight";
				LD_RUNPATH_SEARCH_PATHS = (
					"$(inherited)",
					"@executable_path/Frameworks",
				);
				MARKETING_VERSION = 1.0;
				PRODUCT_BUNDLE_IDENTIFIER = w.NavigationComposable;
				PRODUCT_NAME = "$(TARGET_NAME)";
				SWIFT_EMIT_LOC_STRINGS = YES;
				SWIFT_VERSION = 5.0;
				TARGETED_DEVICE_FAMILY = "1,2";
			};
			name = Debug;
		};
		50F0B0402CF3CC1800502E75 /* Release */ = {
			isa = XCBuildConfiguration;
			buildSettings = {
				ASSETCATALOG_COMPILER_APPICON_NAME = AppIcon;
				ASSETCATALOG_COMPILER_GLOBAL_ACCENT_COLOR_NAME = AccentColor;
				CODE_SIGN_STYLE = Automatic;
				CURRENT_PROJECT_VERSION = 1;
				DEVELOPMENT_ASSET_PATHS = "\"NavigationComposable/Preview Content\"";
				DEVELOPMENT_TEAM = 5ATN337F8Z;
				ENABLE_PREVIEWS = YES;
				GENERATE_INFOPLIST_FILE = YES;
				INFOPLIST_KEY_UIApplicationSceneManifest_Generation = YES;
				INFOPLIST_KEY_UIApplicationSupportsIndirectInputEvents = YES;
				INFOPLIST_KEY_UILaunchScreen_Generation = YES;
				INFOPLIST_KEY_UISupportedInterfaceOrientations_iPad = "UIInterfaceOrientationPortrait UIInterfaceOrientationPortraitUpsideDown UIInterfaceOrientationLandscapeLeft UIInterfaceOrientationLandscapeRight";
				INFOPLIST_KEY_UISupportedInterfaceOrientations_iPhone = "UIInterfaceOrientationPortrait UIInterfaceOrientationLandscapeLeft UIInterfaceOrientationLandscapeRight";
				LD_RUNPATH_SEARCH_PATHS = (
					"$(inherited)",
					"@executable_path/Frameworks",
				);
				MARKETING_VERSION = 1.0;
				PRODUCT_BUNDLE_IDENTIFIER = w.NavigationComposable;
				PRODUCT_NAME = "$(TARGET_NAME)";
				SWIFT_EMIT_LOC_STRINGS = YES;
				SWIFT_VERSION = 5.0;
				TARGETED_DEVICE_FAMILY = "1,2";
			};
			name = Release;
		};
		50F0B0422CF3CC1800502E75 /* Debug */ = {
			isa = XCBuildConfiguration;
			buildSettings = {
				BUNDLE_LOADER = "$(TEST_HOST)";
				CODE_SIGN_STYLE = Automatic;
				CURRENT_PROJECT_VERSION = 1;
				DEVELOPMENT_TEAM = 5ATN337F8Z;
				GENERATE_INFOPLIST_FILE = YES;
				IPHONEOS_DEPLOYMENT_TARGET = 18.1;
				MARKETING_VERSION = 1.0;
				PRODUCT_BUNDLE_IDENTIFIER = w.NavigationComposableTests;
				PRODUCT_NAME = "$(TARGET_NAME)";
				SWIFT_EMIT_LOC_STRINGS = NO;
				SWIFT_VERSION = 5.0;
				TARGETED_DEVICE_FAMILY = "1,2";
				TEST_HOST = "$(BUILT_PRODUCTS_DIR)/NavigationComposable.app/$(BUNDLE_EXECUTABLE_FOLDER_PATH)/NavigationComposable";
			};
			name = Debug;
		};
		50F0B0432CF3CC1800502E75 /* Release */ = {
			isa = XCBuildConfiguration;
			buildSettings = {
				BUNDLE_LOADER = "$(TEST_HOST)";
				CODE_SIGN_STYLE = Automatic;
				CURRENT_PROJECT_VERSION = 1;
				DEVELOPMENT_TEAM = 5ATN337F8Z;
				GENERATE_INFOPLIST_FILE = YES;
				IPHONEOS_DEPLOYMENT_TARGET = 18.1;
				MARKETING_VERSION = 1.0;
				PRODUCT_BUNDLE_IDENTIFIER = w.NavigationComposableTests;
				PRODUCT_NAME = "$(TARGET_NAME)";
				SWIFT_EMIT_LOC_STRINGS = NO;
				SWIFT_VERSION = 5.0;
				TARGETED_DEVICE_FAMILY = "1,2";
				TEST_HOST = "$(BUILT_PRODUCTS_DIR)/NavigationComposable.app/$(BUNDLE_EXECUTABLE_FOLDER_PATH)/NavigationComposable";
			};
			name = Release;
		};
		50F0B0452CF3CC1800502E75 /* Debug */ = {
			isa = XCBuildConfiguration;
			buildSettings = {
				CODE_SIGN_STYLE = Automatic;
				CURRENT_PROJECT_VERSION = 1;
				DEVELOPMENT_TEAM = 5ATN337F8Z;
				GENERATE_INFOPLIST_FILE = YES;
				MARKETING_VERSION = 1.0;
				PRODUCT_BUNDLE_IDENTIFIER = w.NavigationComposableUITests;
				PRODUCT_NAME = "$(TARGET_NAME)";
				SWIFT_EMIT_LOC_STRINGS = NO;
				SWIFT_VERSION = 5.0;
				TARGETED_DEVICE_FAMILY = "1,2";
				TEST_TARGET_NAME = NavigationComposable;
			};
			name = Debug;
		};
		50F0B0462CF3CC1800502E75 /* Release */ = {
			isa = XCBuildConfiguration;
			buildSettings = {
				CODE_SIGN_STYLE = Automatic;
				CURRENT_PROJECT_VERSION = 1;
				DEVELOPMENT_TEAM = 5ATN337F8Z;
				GENERATE_INFOPLIST_FILE = YES;
				MARKETING_VERSION = 1.0;
				PRODUCT_BUNDLE_IDENTIFIER = w.NavigationComposableUITests;
				PRODUCT_NAME = "$(TARGET_NAME)";
				SWIFT_EMIT_LOC_STRINGS = NO;
				SWIFT_VERSION = 5.0;
				TARGETED_DEVICE_FAMILY = "1,2";
				TEST_TARGET_NAME = NavigationComposable;
			};
			name = Release;
		};
/* End XCBuildConfiguration section */

/* Begin XCConfigurationList section */
		50F0B0152CF3CC1700502E75 /* Build configuration list for PBXProject "NavigationComposable" */ = {
			isa = XCConfigurationList;
			buildConfigurations = (
				50F0B03C2CF3CC1800502E75 /* Debug */,
				50F0B03D2CF3CC1800502E75 /* Release */,
			);
			defaultConfigurationIsVisible = 0;
			defaultConfigurationName = Release;
		};
		50F0B03E2CF3CC1800502E75 /* Build configuration list for PBXNativeTarget "NavigationComposable" */ = {
			isa = XCConfigurationList;
			buildConfigurations = (
				50F0B03F2CF3CC1800502E75 /* Debug */,
				50F0B0402CF3CC1800502E75 /* Release */,
			);
			defaultConfigurationIsVisible = 0;
			defaultConfigurationName = Release;
		};
		50F0B0412CF3CC1800502E75 /* Build configuration list for PBXNativeTarget "NavigationComposableTests" */ = {
			isa = XCConfigurationList;
			buildConfigurations = (
				50F0B0422CF3CC1800502E75 /* Debug */,
				50F0B0432CF3CC1800502E75 /* Release */,
			);
			defaultConfigurationIsVisible = 0;
			defaultConfigurationName = Release;
		};
		50F0B0442CF3CC1800502E75 /* Build configuration list for PBXNativeTarget "NavigationComposableUITests" */ = {
			isa = XCConfigurationList;
			buildConfigurations = (
				50F0B0452CF3CC1800502E75 /* Debug */,
				50F0B0462CF3CC1800502E75 /* Release */,
			);
			defaultConfigurationIsVisible = 0;
			defaultConfigurationName = Release;
		};
/* End XCConfigurationList section */

/* Begin XCRemoteSwiftPackageReference section */
		50F0B0472CF3CF5800502E75 /* XCRemoteSwiftPackageReference "swift-composable-architecture" */ = {
			isa = XCRemoteSwiftPackageReference;
			repositoryURL = "https://github.com/pointfreeco/swift-composable-architecture";
			requirement = {
				kind = upToNextMajorVersion;
				minimumVersion = 1.16.1;
			};
		};
/* End XCRemoteSwiftPackageReference section */

/* Begin XCSwiftPackageProductDependency section */
		50F0B0492CF3CF6600502E75 /* ComposableArchitecture */ = {
			isa = XCSwiftPackageProductDependency;
			package = 50F0B0472CF3CF5800502E75 /* XCRemoteSwiftPackageReference "swift-composable-architecture" */;
			productName = ComposableArchitecture;
		};
/* End XCSwiftPackageProductDependency section */
	};
	rootObject = 50F0B0122CF3CC1700502E75 /* Project object */;
}
