// !$*UTF8*$!
{
	archiveVersion = 1;
	classes = {
	};
	objectVersion = 77;
	objects = {

/* Begin PBXBuildFile section */
		5005AD502CF3924F00237E69 /* ComposableArchitecture in Frameworks */ = {isa = PBXBuildFile; productRef = 5005AD4F2CF3924F00237E69 /* ComposableArchitecture */; };
/* End PBXBuildFile section */

/* Begin PBXContainerItemProxy section */
		506687832CF38F7E00BA7D80 /* PBXContainerItemProxy */ = {
			isa = PBXContainerItemProxy;
			containerPortal = 5066876A2CF38F7C00BA7D80 /* Project object */;
			proxyType = 1;
			remoteGlobalIDString = 506687712CF38F7C00BA7D80;
			remoteInfo = composable;
		};
		5066878D2CF38F7E00BA7D80 /* PBXContainerItemProxy */ = {
			isa = PBXContainerItemProxy;
			containerPortal = 5066876A2CF38F7C00BA7D80 /* Project object */;
			proxyType = 1;
			remoteGlobalIDString = 506687712CF38F7C00BA7D80;
			remoteInfo = composable;
		};
/* End PBXContainerItemProxy section */

/* Begin PBXFileReference section */
		506687722CF38F7C00BA7D80 /* composable.app */ = {isa = PBXFileReference; explicitFileType = wrapper.application; includeInIndex = 0; path = composable.app; sourceTree = BUILT_PRODUCTS_DIR; };
		506687822CF38F7E00BA7D80 /* composableTests.xctest */ = {isa = PBXFileReference; explicitFileType = wrapper.cfbundle; includeInIndex = 0; path = composableTests.xctest; sourceTree = BUILT_PRODUCTS_DIR; };
		5066878C2CF38F7E00BA7D80 /* composableUITests.xctest */ = {isa = PBXFileReference; explicitFileType = wrapper.cfbundle; includeInIndex = 0; path = composableUITests.xctest; sourceTree = BUILT_PRODUCTS_DIR; };
/* End PBXFileReference section */

/* Begin PBXFileSystemSynchronizedBuildFileExceptionSet section */
		5005AD552CF39C4900237E69 /* Exceptions for "composable" folder in "composable" target */ = {
			isa = PBXFileSystemSynchronizedBuildFileExceptionSet;
			membershipExceptions = (
				Info.plist,
			);
			target = 506687712CF38F7C00BA7D80 /* composable */;
		};
/* End PBXFileSystemSynchronizedBuildFileExceptionSet section */

/* Begin PBXFileSystemSynchronizedRootGroup section */
		506687742CF38F7C00BA7D80 /* composable */ = {
			isa = PBXFileSystemSynchronizedRootGroup;
			exceptions = (
				5005AD552CF39C4900237E69 /* Exceptions for "composable" folder in "composable" target */,
			);
			path = composable;
			sourceTree = "<group>";
		};
		506687852CF38F7E00BA7D80 /* composableTests */ = {
			isa = PBXFileSystemSynchronizedRootGroup;
			path = composableTests;
			sourceTree = "<group>";
		};
		5066878F2CF38F7E00BA7D80 /* composableUITests */ = {
			isa = PBXFileSystemSynchronizedRootGroup;
			path = composableUITests;
			sourceTree = "<group>";
		};
/* End PBXFileSystemSynchronizedRootGroup section */

/* Begin PBXFrameworksBuildPhase section */
		5066876F2CF38F7C00BA7D80 /* Frameworks */ = {
			isa = PBXFrameworksBuildPhase;
			buildActionMask = 2147483647;
			files = (
				5005AD502CF3924F00237E69 /* ComposableArchitecture in Frameworks */,
			);
			runOnlyForDeploymentPostprocessing = 0;
		};
		5066877F2CF38F7E00BA7D80 /* Frameworks */ = {
			isa = PBXFrameworksBuildPhase;
			buildActionMask = 2147483647;
			files = (
			);
			runOnlyForDeploymentPostprocessing = 0;
		};
		506687892CF38F7E00BA7D80 /* Frameworks */ = {
			isa = PBXFrameworksBuildPhase;
			buildActionMask = 2147483647;
			files = (
			);
			runOnlyForDeploymentPostprocessing = 0;
		};
/* End PBXFrameworksBuildPhase section */

/* Begin PBXGroup section */
		5005AD4E2CF3924F00237E69 /* Frameworks */ = {
			isa = PBXGroup;
			children = (
			);
			name = Frameworks;
			sourceTree = "<group>";
		};
		506687692CF38F7C00BA7D80 = {
			isa = PBXGroup;
			children = (
				506687742CF38F7C00BA7D80 /* composable */,
				506687852CF38F7E00BA7D80 /* composableTests */,
				5066878F2CF38F7E00BA7D80 /* composableUITests */,
				5005AD4E2CF3924F00237E69 /* Frameworks */,
				506687732CF38F7C00BA7D80 /* Products */,
			);
			sourceTree = "<group>";
		};
		506687732CF38F7C00BA7D80 /* Products */ = {
			isa = PBXGroup;
			children = (
				506687722CF38F7C00BA7D80 /* composable.app */,
				506687822CF38F7E00BA7D80 /* composableTests.xctest */,
				5066878C2CF38F7E00BA7D80 /* composableUITests.xctest */,
			);
			name = Products;
			sourceTree = "<group>";
		};
/* End PBXGroup section */

/* Begin PBXNativeTarget section */
		506687712CF38F7C00BA7D80 /* composable */ = {
			isa = PBXNativeTarget;
			buildConfigurationList = 506687962CF38F7E00BA7D80 /* Build configuration list for PBXNativeTarget "composable" */;
			buildPhases = (
				5066876E2CF38F7C00BA7D80 /* Sources */,
				5066876F2CF38F7C00BA7D80 /* Frameworks */,
				506687702CF38F7C00BA7D80 /* Resources */,
			);
			buildRules = (
			);
			dependencies = (
			);
			fileSystemSynchronizedGroups = (
				506687742CF38F7C00BA7D80 /* composable */,
			);
			name = composable;
			packageProductDependencies = (
				5005AD4F2CF3924F00237E69 /* ComposableArchitecture */,
			);
			productName = composable;
			productReference = 506687722CF38F7C00BA7D80 /* composable.app */;
			productType = "com.apple.product-type.application";
		};
		506687812CF38F7E00BA7D80 /* composableTests */ = {
			isa = PBXNativeTarget;
			buildConfigurationList = 506687992CF38F7E00BA7D80 /* Build configuration list for PBXNativeTarget "composableTests" */;
			buildPhases = (
				5066877E2CF38F7E00BA7D80 /* Sources */,
				5066877F2CF38F7E00BA7D80 /* Frameworks */,
				506687802CF38F7E00BA7D80 /* Resources */,
			);
			buildRules = (
			);
			dependencies = (
				506687842CF38F7E00BA7D80 /* PBXTargetDependency */,
			);
			fileSystemSynchronizedGroups = (
				506687852CF38F7E00BA7D80 /* composableTests */,
			);
			name = composableTests;
			packageProductDependencies = (
			);
			productName = composableTests;
			productReference = 506687822CF38F7E00BA7D80 /* composableTests.xctest */;
			productType = "com.apple.product-type.bundle.unit-test";
		};
		5066878B2CF38F7E00BA7D80 /* composableUITests */ = {
			isa = PBXNativeTarget;
			buildConfigurationList = 5066879C2CF38F7E00BA7D80 /* Build configuration list for PBXNativeTarget "composableUITests" */;
			buildPhases = (
				506687882CF38F7E00BA7D80 /* Sources */,
				506687892CF38F7E00BA7D80 /* Frameworks */,
				5066878A2CF38F7E00BA7D80 /* Resources */,
			);
			buildRules = (
			);
			dependencies = (
				5066878E2CF38F7E00BA7D80 /* PBXTargetDependency */,
			);
			fileSystemSynchronizedGroups = (
				5066878F2CF38F7E00BA7D80 /* composableUITests */,
			);
			name = composableUITests;
			packageProductDependencies = (
			);
			productName = composableUITests;
			productReference = 5066878C2CF38F7E00BA7D80 /* composableUITests.xctest */;
			productType = "com.apple.product-type.bundle.ui-testing";
		};
/* End PBXNativeTarget section */

/* Begin PBXProject section */
		5066876A2CF38F7C00BA7D80 /* Project object */ = {
			isa = PBXProject;
			attributes = {
				BuildIndependentTargetsInParallel = 1;
				LastSwiftUpdateCheck = 1610;
				LastUpgradeCheck = 1610;
				TargetAttributes = {
					506687712CF38F7C00BA7D80 = {
						CreatedOnToolsVersion = 16.1;
					};
					506687812CF38F7E00BA7D80 = {
						CreatedOnToolsVersion = 16.1;
						TestTargetID = 506687712CF38F7C00BA7D80;
					};
					5066878B2CF38F7E00BA7D80 = {
						CreatedOnToolsVersion = 16.1;
						TestTargetID = 506687712CF38F7C00BA7D80;
					};
				};
			};
			buildConfigurationList = 5066876D2CF38F7C00BA7D80 /* Build configuration list for PBXProject "composable" */;
			developmentRegion = en;
			hasScannedForEncodings = 0;
			knownRegions = (
				en,
				Base,
			);
			mainGroup = 506687692CF38F7C00BA7D80;
			minimizedProjectReferenceProxies = 1;
			packageReferences = (
				5066879F2CF3908600BA7D80 /* XCRemoteSwiftPackageReference "swift-composable-architecture" */,
			);
			preferredProjectObjectVersion = 77;
			productRefGroup = 506687732CF38F7C00BA7D80 /* Products */;
			projectDirPath = "";
			projectRoot = "";
			targets = (
				506687712CF38F7C00BA7D80 /* composable */,
				506687812CF38F7E00BA7D80 /* composableTests */,
				5066878B2CF38F7E00BA7D80 /* composableUITests */,
			);
		};
/* End PBXProject section */

/* Begin PBXResourcesBuildPhase section */
		506687702CF38F7C00BA7D80 /* Resources */ = {
			isa = PBXResourcesBuildPhase;
			buildActionMask = 2147483647;
			files = (
			);
			runOnlyForDeploymentPostprocessing = 0;
		};
		506687802CF38F7E00BA7D80 /* Resources */ = {
			isa = PBXResourcesBuildPhase;
			buildActionMask = 2147483647;
			files = (
			);
			runOnlyForDeploymentPostprocessing = 0;
		};
		5066878A2CF38F7E00BA7D80 /* Resources */ = {
			isa = PBXResourcesBuildPhase;
			buildActionMask = 2147483647;
			files = (
			);
			runOnlyForDeploymentPostprocessing = 0;
		};
/* End PBXResourcesBuildPhase section */

/* Begin PBXSourcesBuildPhase section */
		5066876E2CF38F7C00BA7D80 /* Sources */ = {
			isa = PBXSourcesBuildPhase;
			buildActionMask = 2147483647;
			files = (
			);
			runOnlyForDeploymentPostprocessing = 0;
		};
		5066877E2CF38F7E00BA7D80 /* Sources */ = {
			isa = PBXSourcesBuildPhase;
			buildActionMask = 2147483647;
			files = (
			);
			runOnlyForDeploymentPostprocessing = 0;
		};
		506687882CF38F7E00BA7D80 /* Sources */ = {
			isa = PBXSourcesBuildPhase;
			buildActionMask = 2147483647;
			files = (
			);
			runOnlyForDeploymentPostprocessing = 0;
		};
/* End PBXSourcesBuildPhase section */

/* Begin PBXTargetDependency section */
		506687842CF38F7E00BA7D80 /* PBXTargetDependency */ = {
			isa = PBXTargetDependency;
			target = 506687712CF38F7C00BA7D80 /* composable */;
			targetProxy = 506687832CF38F7E00BA7D80 /* PBXContainerItemProxy */;
		};
		5066878E2CF38F7E00BA7D80 /* PBXTargetDependency */ = {
			isa = PBXTargetDependency;
			target = 506687712CF38F7C00BA7D80 /* composable */;
			targetProxy = 5066878D2CF38F7E00BA7D80 /* PBXContainerItemProxy */;
		};
/* End PBXTargetDependency section */

/* Begin XCBuildConfiguration section */
		506687942CF38F7E00BA7D80 /* Debug */ = {
			isa = XCBuildConfiguration;
			buildSettings = {
				ALWAYS_SEARCH_USER_PATHS = NO;
				ASSETCATALOG_COMPILER_GENERATE_SWIFT_ASSET_SYMBOL_EXTENSIONS = YES;
				CLANG_ANALYZER_NONNULL = YES;
				CLANG_ANALYZER_NUMBER_OBJECT_CONVERSION = YES_AGGRESSIVE;
				CLANG_CXX_LANGUAGE_STANDARD = "gnu++20";
				CLANG_ENABLE_MODULES = YES;
				CLANG_ENABLE_OBJC_ARC = YES;
				CLANG_ENABLE_OBJC_WEAK = YES;
				CLANG_WARN_BLOCK_CAPTURE_AUTORELEASING = YES;
				CLANG_WARN_BOOL_CONVERSION = YES;
				CLANG_WARN_COMMA = YES;
				CLANG_WARN_CONSTANT_CONVERSION = YES;
				CLANG_WARN_DEPRECATED_OBJC_IMPLEMENTATIONS = YES;
				CLANG_WARN_DIRECT_OBJC_ISA_USAGE = YES_ERROR;
				CLANG_WARN_DOCUMENTATION_COMMENTS = YES;
				CLANG_WARN_EMPTY_BODY = YES;
				CLANG_WARN_ENUM_CONVERSION = YES;
				CLANG_WARN_INFINITE_RECURSION = YES;
				CLANG_WARN_INT_CONVERSION = YES;
				CLANG_WARN_NON_LITERAL_NULL_CONVERSION = YES;
				CLANG_WARN_OBJC_IMPLICIT_RETAIN_SELF = YES;
				CLANG_WARN_OBJC_LITERAL_CONVERSION = YES;
				CLANG_WARN_OBJC_ROOT_CLASS = YES_ERROR;
				CLANG_WARN_QUOTED_INCLUDE_IN_FRAMEWORK_HEADER = YES;
				CLANG_WARN_RANGE_LOOP_ANALYSIS = YES;
				CLANG_WARN_STRICT_PROTOTYPES = YES;
				CLANG_WARN_SUSPICIOUS_MOVE = YES;
				CLANG_WARN_UNGUARDED_AVAILABILITY = YES_AGGRESSIVE;
				CLANG_WARN_UNREACHABLE_CODE = YES;
				CLANG_WARN__DUPLICATE_METHOD_MATCH = YES;
				COPY_PHASE_STRIP = NO;
				DEBUG_INFORMATION_FORMAT = dwarf;
				ENABLE_STRICT_OBJC_MSGSEND = YES;
				ENABLE_TESTABILITY = YES;
				ENABLE_USER_SCRIPT_SANDBOXING = YES;
				GCC_C_LANGUAGE_STANDARD = gnu17;
				GCC_DYNAMIC_NO_PIC = NO;
				GCC_NO_COMMON_BLOCKS = YES;
				GCC_OPTIMIZATION_LEVEL = 0;
				GCC_PREPROCESSOR_DEFINITIONS = (
					"DEBUG=1",
					"$(inherited)",
				);
				GCC_WARN_64_TO_32_BIT_CONVERSION = YES;
				GCC_WARN_ABOUT_RETURN_TYPE = YES_ERROR;
				GCC_WARN_UNDECLARED_SELECTOR = YES;
				GCC_WARN_UNINITIALIZED_AUTOS = YES_AGGRESSIVE;
				GCC_WARN_UNUSED_FUNCTION = YES;
				GCC_WARN_UNUSED_VARIABLE = YES;
				IPHONEOS_DEPLOYMENT_TARGET = 18.1;
				LOCALIZATION_PREFERS_STRING_CATALOGS = YES;
				MTL_ENABLE_DEBUG_INFO = INCLUDE_SOURCE;
				MTL_FAST_MATH = YES;
				ONLY_ACTIVE_ARCH = YES;
				SDKROOT = iphoneos;
				SWIFT_ACTIVE_COMPILATION_CONDITIONS = "DEBUG $(inherited)";
				SWIFT_OPTIMIZATION_LEVEL = "-Onone";
			};
			name = Debug;
		};
		506687952CF38F7E00BA7D80 /* Release */ = {
			isa = XCBuildConfiguration;
			buildSettings = {
				ALWAYS_SEARCH_USER_PATHS = NO;
				ASSETCATALOG_COMPILER_GENERATE_SWIFT_ASSET_SYMBOL_EXTENSIONS = YES;
				CLANG_ANALYZER_NONNULL = YES;
				CLANG_ANALYZER_NUMBER_OBJECT_CONVERSION = YES_AGGRESSIVE;
				CLANG_CXX_LANGUAGE_STANDARD = "gnu++20";
				CLANG_ENABLE_MODULES = YES;
				CLANG_ENABLE_OBJC_ARC = YES;
				CLANG_ENABLE_OBJC_WEAK = YES;
				CLANG_WARN_BLOCK_CAPTURE_AUTORELEASING = YES;
				CLANG_WARN_BOOL_CONVERSION = YES;
				CLANG_WARN_COMMA = YES;
				CLANG_WARN_CONSTANT_CONVERSION = YES;
				CLANG_WARN_DEPRECATED_OBJC_IMPLEMENTATIONS = YES;
				CLANG_WARN_DIRECT_OBJC_ISA_USAGE = YES_ERROR;
				CLANG_WARN_DOCUMENTATION_COMMENTS = YES;
				CLANG_WARN_EMPTY_BODY = YES;
				CLANG_WARN_ENUM_CONVERSION = YES;
				CLANG_WARN_INFINITE_RECURSION = YES;
				CLANG_WARN_INT_CONVERSION = YES;
				CLANG_WARN_NON_LITERAL_NULL_CONVERSION = YES;
				CLANG_WARN_OBJC_IMPLICIT_RETAIN_SELF = YES;
				CLANG_WARN_OBJC_LITERAL_CONVERSION = YES;
				CLANG_WARN_OBJC_ROOT_CLASS = YES_ERROR;
				CLANG_WARN_QUOTED_INCLUDE_IN_FRAMEWORK_HEADER = YES;
				CLANG_WARN_RANGE_LOOP_ANALYSIS = YES;
				CLANG_WARN_STRICT_PROTOTYPES = YES;
				CLANG_WARN_SUSPICIOUS_MOVE = YES;
				CLANG_WARN_UNGUARDED_AVAILABILITY = YES_AGGRESSIVE;
				CLANG_WARN_UNREACHABLE_CODE = YES;
				CLANG_WARN__DUPLICATE_METHOD_MATCH = YES;
				COPY_PHASE_STRIP = NO;
				DEBUG_INFORMATION_FORMAT = "dwarf-with-dsym";
				ENABLE_NS_ASSERTIONS = NO;
				ENABLE_STRICT_OBJC_MSGSEND = YES;
				ENABLE_USER_SCRIPT_SANDBOXING = YES;
				GCC_C_LANGUAGE_STANDARD = gnu17;
				GCC_NO_COMMON_BLOCKS = YES;
				GCC_WARN_64_TO_32_BIT_CONVERSION = YES;
				GCC_WARN_ABOUT_RETURN_TYPE = YES_ERROR;
				GCC_WARN_UNDECLARED_SELECTOR = YES;
				GCC_WARN_UNINITIALIZED_AUTOS = YES_AGGRESSIVE;
				GCC_WARN_UNUSED_FUNCTION = YES;
				GCC_WARN_UNUSED_VARIABLE = YES;
				IPHONEOS_DEPLOYMENT_TARGET = 18.1;
				LOCALIZATION_PREFERS_STRING_CATALOGS = YES;
				MTL_ENABLE_DEBUG_INFO = NO;
				MTL_FAST_MATH = YES;
				SDKROOT = iphoneos;
				SWIFT_COMPILATION_MODE = wholemodule;
				VALIDATE_PRODUCT = YES;
			};
			name = Release;
		};
		506687972CF38F7E00BA7D80 /* Debug */ = {
			isa = XCBuildConfiguration;
			buildSettings = {
				ASSETCATALOG_COMPILER_APPICON_NAME = AppIcon;
				ASSETCATALOG_COMPILER_GLOBAL_ACCENT_COLOR_NAME = AccentColor;
				CODE_SIGN_STYLE = Automatic;
				CURRENT_PROJECT_VERSION = 1;
				DEVELOPMENT_ASSET_PATHS = "\"composable/Preview Content\"";
				DEVELOPMENT_TEAM = 5ATN337F8Z;
				ENABLE_PREVIEWS = YES;
				GENERATE_INFOPLIST_FILE = YES;
				INFOPLIST_FILE = composable/Info.plist;
				INFOPLIST_KEY_UIApplicationSceneManifest_Generation = YES;
				INFOPLIST_KEY_UIApplicationSupportsIndirectInputEvents = YES;
				INFOPLIST_KEY_UILaunchScreen_Generation = YES;
				INFOPLIST_KEY_UISupportedInterfaceOrientations_iPad = "UIInterfaceOrientationPortrait UIInterfaceOrientationPortraitUpsideDown UIInterfaceOrientationLandscapeLeft UIInterfaceOrientationLandscapeRight";
				INFOPLIST_KEY_UISupportedInterfaceOrientations_iPhone = "UIInterfaceOrientationPortrait UIInterfaceOrientationLandscapeLeft UIInterfaceOrientationLandscapeRight";
				LD_RUNPATH_SEARCH_PATHS = (
					"$(inherited)",
					"@executable_path/Frameworks",
				);
				MARKETING_VERSION = 1.0;
				PRODUCT_BUNDLE_IDENTIFIER = w.composable;
				PRODUCT_NAME = "$(TARGET_NAME)";
				SWIFT_EMIT_LOC_STRINGS = YES;
				SWIFT_VERSION = 5.0;
				TARGETED_DEVICE_FAMILY = "1,2";
			};
			name = Debug;
		};
		506687982CF38F7E00BA7D80 /* Release */ = {
			isa = XCBuildConfiguration;
			buildSettings = {
				ASSETCATALOG_COMPILER_APPICON_NAME = AppIcon;
				ASSETCATALOG_COMPILER_GLOBAL_ACCENT_COLOR_NAME = AccentColor;
				CODE_SIGN_STYLE = Automatic;
				CURRENT_PROJECT_VERSION = 1;
				DEVELOPMENT_ASSET_PATHS = "\"composable/Preview Content\"";
				DEVELOPMENT_TEAM = 5ATN337F8Z;
				ENABLE_PREVIEWS = YES;
				GENERATE_INFOPLIST_FILE = YES;
				INFOPLIST_FILE = composable/Info.plist;
				INFOPLIST_KEY_UIApplicationSceneManifest_Generation = YES;
				INFOPLIST_KEY_UIApplicationSupportsIndirectInputEvents = YES;
				INFOPLIST_KEY_UILaunchScreen_Generation = YES;
				INFOPLIST_KEY_UISupportedInterfaceOrientations_iPad = "UIInterfaceOrientationPortrait UIInterfaceOrientationPortraitUpsideDown UIInterfaceOrientationLandscapeLeft UIInterfaceOrientationLandscapeRight";
				INFOPLIST_KEY_UISupportedInterfaceOrientations_iPhone = "UIInterfaceOrientationPortrait UIInterfaceOrientationLandscapeLeft UIInterfaceOrientationLandscapeRight";
				LD_RUNPATH_SEARCH_PATHS = (
					"$(inherited)",
					"@executable_path/Frameworks",
				);
				MARKETING_VERSION = 1.0;
				PRODUCT_BUNDLE_IDENTIFIER = w.composable;
				PRODUCT_NAME = "$(TARGET_NAME)";
				SWIFT_EMIT_LOC_STRINGS = YES;
				SWIFT_VERSION = 5.0;
				TARGETED_DEVICE_FAMILY = "1,2";
			};
			name = Release;
		};
		5066879A2CF38F7E00BA7D80 /* Debug */ = {
			isa = XCBuildConfiguration;
			buildSettings = {
				BUNDLE_LOADER = "$(TEST_HOST)";
				CODE_SIGN_STYLE = Automatic;
				CURRENT_PROJECT_VERSION = 1;
				DEVELOPMENT_TEAM = 5ATN337F8Z;
				GENERATE_INFOPLIST_FILE = YES;
				IPHONEOS_DEPLOYMENT_TARGET = 18.1;
				MARKETING_VERSION = 1.0;
				PRODUCT_BUNDLE_IDENTIFIER = w.composableTests;
				PRODUCT_NAME = "$(TARGET_NAME)";
				SWIFT_EMIT_LOC_STRINGS = NO;
				SWIFT_VERSION = 5.0;
				TARGETED_DEVICE_FAMILY = "1,2";
				TEST_HOST = "$(BUILT_PRODUCTS_DIR)/composable.app/$(BUNDLE_EXECUTABLE_FOLDER_PATH)/composable";
			};
			name = Debug;
		};
		5066879B2CF38F7E00BA7D80 /* Release */ = {
			isa = XCBuildConfiguration;
			buildSettings = {
				BUNDLE_LOADER = "$(TEST_HOST)";
				CODE_SIGN_STYLE = Automatic;
				CURRENT_PROJECT_VERSION = 1;
				DEVELOPMENT_TEAM = 5ATN337F8Z;
				GENERATE_INFOPLIST_FILE = YES;
				IPHONEOS_DEPLOYMENT_TARGET = 18.1;
				MARKETING_VERSION = 1.0;
				PRODUCT_BUNDLE_IDENTIFIER = w.composableTests;
				PRODUCT_NAME = "$(TARGET_NAME)";
				SWIFT_EMIT_LOC_STRINGS = NO;
				SWIFT_VERSION = 5.0;
				TARGETED_DEVICE_FAMILY = "1,2";
				TEST_HOST = "$(BUILT_PRODUCTS_DIR)/composable.app/$(BUNDLE_EXECUTABLE_FOLDER_PATH)/composable";
			};
			name = Release;
		};
		5066879D2CF38F7E00BA7D80 /* Debug */ = {
			isa = XCBuildConfiguration;
			buildSettings = {
				CODE_SIGN_STYLE = Automatic;
				CURRENT_PROJECT_VERSION = 1;
				DEVELOPMENT_TEAM = 5ATN337F8Z;
				GENERATE_INFOPLIST_FILE = YES;
				MARKETING_VERSION = 1.0;
				PRODUCT_BUNDLE_IDENTIFIER = w.composableUITests;
				PRODUCT_NAME = "$(TARGET_NAME)";
				SWIFT_EMIT_LOC_STRINGS = NO;
				SWIFT_VERSION = 5.0;
				TARGETED_DEVICE_FAMILY = "1,2";
				TEST_TARGET_NAME = composable;
			};
			name = Debug;
		};
		5066879E2CF38F7E00BA7D80 /* Release */ = {
			isa = XCBuildConfiguration;
			buildSettings = {
				CODE_SIGN_STYLE = Automatic;
				CURRENT_PROJECT_VERSION = 1;
				DEVELOPMENT_TEAM = 5ATN337F8Z;
				GENERATE_INFOPLIST_FILE = YES;
				MARKETING_VERSION = 1.0;
				PRODUCT_BUNDLE_IDENTIFIER = w.composableUITests;
				PRODUCT_NAME = "$(TARGET_NAME)";
				SWIFT_EMIT_LOC_STRINGS = NO;
				SWIFT_VERSION = 5.0;
				TARGETED_DEVICE_FAMILY = "1,2";
				TEST_TARGET_NAME = composable;
			};
			name = Release;
		};
/* End XCBuildConfiguration section */

/* Begin XCConfigurationList section */
		5066876D2CF38F7C00BA7D80 /* Build configuration list for PBXProject "composable" */ = {
			isa = XCConfigurationList;
			buildConfigurations = (
				506687942CF38F7E00BA7D80 /* Debug */,
				506687952CF38F7E00BA7D80 /* Release */,
			);
			defaultConfigurationIsVisible = 0;
			defaultConfigurationName = Release;
		};
		506687962CF38F7E00BA7D80 /* Build configuration list for PBXNativeTarget "composable" */ = {
			isa = XCConfigurationList;
			buildConfigurations = (
				506687972CF38F7E00BA7D80 /* Debug */,
				506687982CF38F7E00BA7D80 /* Release */,
			);
			defaultConfigurationIsVisible = 0;
			defaultConfigurationName = Release;
		};
		506687992CF38F7E00BA7D80 /* Build configuration list for PBXNativeTarget "composableTests" */ = {
			isa = XCConfigurationList;
			buildConfigurations = (
				5066879A2CF38F7E00BA7D80 /* Debug */,
				5066879B2CF38F7E00BA7D80 /* Release */,
			);
			defaultConfigurationIsVisible = 0;
			defaultConfigurationName = Release;
		};
		5066879C2CF38F7E00BA7D80 /* Build configuration list for PBXNativeTarget "composableUITests" */ = {
			isa = XCConfigurationList;
			buildConfigurations = (
				5066879D2CF38F7E00BA7D80 /* Debug */,
				5066879E2CF38F7E00BA7D80 /* Release */,
			);
			defaultConfigurationIsVisible = 0;
			defaultConfigurationName = Release;
		};
/* End XCConfigurationList section */

/* Begin XCRemoteSwiftPackageReference section */
		5066879F2CF3908600BA7D80 /* XCRemoteSwiftPackageReference "swift-composable-architecture" */ = {
			isa = XCRemoteSwiftPackageReference;
			repositoryURL = "https://github.com/pointfreeco/swift-composable-architecture";
			requirement = {
				kind = upToNextMajorVersion;
				minimumVersion = 1.16.1;
			};
		};
/* End XCRemoteSwiftPackageReference section */

/* Begin XCSwiftPackageProductDependency section */
		5005AD4F2CF3924F00237E69 /* ComposableArchitecture */ = {
			isa = XCSwiftPackageProductDependency;
			package = 5066879F2CF3908600BA7D80 /* XCRemoteSwiftPackageReference "swift-composable-architecture" */;
			productName = ComposableArchitecture;
		};
/* End XCSwiftPackageProductDependency section */
	};
	rootObject = 5066876A2CF38F7C00BA7D80 /* Project object */;
}
